name: Update Lock
on:
  workflow_dispatch: # only manual triggering for now
jobs:
  check:
    name: Update flake lock
    runs-on: ubuntu-latest
    steps:
      - name: Checkout repository
        uses: actions/checkout@v4
      - name: Install Nix
        uses: cachix/install-nix-action@v27
        with:
          extra_nix_config: |
            auto-optimise-store = true
            access-tokens = github.com=${{ secrets.GH_TOKEN_FOR_UPDATES }}
      - name: Update flake.lock
        uses: DeterminateSystems/update-flake-lock@v23
        with:
          token: ${{ secrets.GH_TOKEN_FOR_UPDATES }}
          pr-title: 'Update flake.lock'
          pr-labels: dep
